
Microsoft Visual Studio Solution File, Format Version 12.00
# Visual Studio Version 16
VisualStudioVersion = 16.0.30711.63
MinimumVisualStudioVersion = 10.0.40219.1
Project("{FAE04EC0-301F-11D3-BF4B-00C04F79EFBC}") = "Puzzle6", "Puzzle6\Puzzle6.csproj", "{CCB99E8B-8CB1-4B64-8F48-49143DFE1578}"
EndProject
Global
	GlobalSection(SolutionConfigurationPlatforms) = preSolution
		Debug|Any CPU = Debug|Any CPU
		Release|Any CPU = Release|Any CPU
	EndGlobalSection
	GlobalSection(ProjectConfigurationPlatforms) = postSolution
		{CCB99E8B-8CB1-4B64-8F48-49143DFE1578}.Debug|Any CPU.ActiveCfg = Debug|Any CPU
		{CCB99E8B-8CB1-4B64-8F48-49143DFE1578}.Debug|Any CPU.Build.0 = Debug|Any CPU
		{CCB99E8B-8CB1-4B64-8F48-49143DFE1578}.Release|Any CPU.ActiveCfg = Release|Any CPU
		{CCB99E8B-8CB1-4B64-8F48-49143DFE1578}.Release|Any CPU.Build.0 = Release|Any CPU
	EndGlobalSection
	GlobalSection(SolutionProperties) = preSolution
		HideSolutionNode = FALSE
	EndGlobalSection
	GlobalSection(ExtensibilityGlobals) = postSolution
		SolutionGuid = {F3373483-F746-4FE9-B905-BDC9E5A2FB92}
	EndGlobalSection
EndGlobal
