
Microsoft Visual Studio Solution File, Format Version 12.00
# Visual Studio 15
VisualStudioVersion = 15.0.28307.902
MinimumVisualStudioVersion = 10.0.40219.1
Project("{FAE04EC0-301F-11D3-BF4B-00C04F79EFBC}") = "Weather", "Weather\Weather.csproj", "{5BCFAB8E-7875-41AA-8B03-315D1F7D9040}"
EndProject
Global
	GlobalSection(SolutionConfigurationPlatforms) = preSolution
		Debug|Any CPU = Debug|Any CPU
		Release|Any CPU = Release|Any CPU
	EndGlobalSection
	GlobalSection(ProjectConfigurationPlatforms) = postSolution
		{5BCFAB8E-7875-41AA-8B03-315D1F7D9040}.Debug|Any CPU.ActiveCfg = Debug|Any CPU
		{5BCFAB8E-7875-41AA-8B03-315D1F7D9040}.Debug|Any CPU.Build.0 = Debug|Any CPU
		{5BCFAB8E-7875-41AA-8B03-315D1F7D9040}.Release|Any CPU.ActiveCfg = Release|Any CPU
		{5BCFAB8E-7875-41AA-8B03-315D1F7D9040}.Release|Any CPU.Build.0 = Release|Any CPU
	EndGlobalSection
	GlobalSection(SolutionProperties) = preSolution
		HideSolutionNode = FALSE
	EndGlobalSection
	GlobalSection(ExtensibilityGlobals) = postSolution
		SolutionGuid = {4AAEF994-512F-4CA4-BC2B-E32CC0DD0FD3}
	EndGlobalSection
EndGlobal
