
Microsoft Visual Studio Solution File, Format Version 12.00
# Visual Studio Version 16
VisualStudioVersion = 16.0.30711.63
MinimumVisualStudioVersion = 10.0.40219.1
Project("{FAE04EC0-301F-11D3-BF4B-00C04F79EFBC}") = "Puzzle1", "Puzzle1\Puzzle1.csproj", "{88F3888F-707A-42F6-9D36-09D8DAABDADA}"
EndProject
Global
	GlobalSection(SolutionConfigurationPlatforms) = preSolution
		Debug|Any CPU = Debug|Any CPU
		Release|Any CPU = Release|Any CPU
	EndGlobalSection
	GlobalSection(ProjectConfigurationPlatforms) = postSolution
		{88F3888F-707A-42F6-9D36-09D8DAABDADA}.Debug|Any CPU.ActiveCfg = Debug|Any CPU
		{88F3888F-707A-42F6-9D36-09D8DAABDADA}.Debug|Any CPU.Build.0 = Debug|Any CPU
		{88F3888F-707A-42F6-9D36-09D8DAABDADA}.Release|Any CPU.ActiveCfg = Release|Any CPU
		{88F3888F-707A-42F6-9D36-09D8DAABDADA}.Release|Any CPU.Build.0 = Release|Any CPU
	EndGlobalSection
	GlobalSection(SolutionProperties) = preSolution
		HideSolutionNode = FALSE
	EndGlobalSection
	GlobalSection(ExtensibilityGlobals) = postSolution
		SolutionGuid = {4C7E9C20-64DE-4768-BE21-BA165FC71945}
	EndGlobalSection
EndGlobal
