
Microsoft Visual Studio Solution File, Format Version 12.00
# Visual Studio Version 16
VisualStudioVersion = 16.0.30804.86
MinimumVisualStudioVersion = 10.0.40219.1
Project("{FAE04EC0-301F-11D3-BF4B-00C04F79EFBC}") = "Puzzle16", "Puzzle16.csproj", "{59B05868-E53B-422D-A6EE-E5E6BF1FEDAC}"
EndProject
Global
	GlobalSection(SolutionConfigurationPlatforms) = preSolution
		Debug|Any CPU = Debug|Any CPU
		Release|Any CPU = Release|Any CPU
	EndGlobalSection
	GlobalSection(ProjectConfigurationPlatforms) = postSolution
		{59B05868-E53B-422D-A6EE-E5E6BF1FEDAC}.Debug|Any CPU.ActiveCfg = Debug|Any CPU
		{59B05868-E53B-422D-A6EE-E5E6BF1FEDAC}.Debug|Any CPU.Build.0 = Debug|Any CPU
		{59B05868-E53B-422D-A6EE-E5E6BF1FEDAC}.Release|Any CPU.ActiveCfg = Release|Any CPU
		{59B05868-E53B-422D-A6EE-E5E6BF1FEDAC}.Release|Any CPU.Build.0 = Release|Any CPU
	EndGlobalSection
	GlobalSection(SolutionProperties) = preSolution
		HideSolutionNode = FALSE
	EndGlobalSection
	GlobalSection(ExtensibilityGlobals) = postSolution
		SolutionGuid = {D9B84061-E58C-4884-9A59-AC24C452C80C}
	EndGlobalSection
EndGlobal
